uuid: de85f981-a401-4bd6-97f4-86566b60ff28
langcode: en
status: true
dependencies:
  module:
    - collapsiblock
    - nlc_prototype
    - system
  theme:
    - bevan
third_party_settings:
  collapsiblock:
    collapse_action: '0'
id: esurvcovid19wellnesssurveyblock
theme: bevan
region: pre_content
weight: 0
provider: null
plugin: covid_19_esurv_survey_block
settings:
  id: covid_19_esurv_survey_block
  label: 'Esurv COVID-19 wellness survey block'
  provider: nlc_prototype
  label_display: '0'
visibility:
  request_path:
    id: request_path
    pages: /directory
    negate: false
    context_mapping: {  }
